// !$*UTF8*$!
{
	archiveVersion = 1;
	classes = {
	};
	objectVersion = 46;
	objects = {

/* Begin PBXBuildFile section */
		10D759431518E94B0011BF3E /* Foundation.framework in Frameworks */ = {isa = PBXBuildFile; fileRef = 10D759421518E94B0011BF3E /* Foundation.framework */; };
		10D759491518E94B0011BF3E /* YBCoreAudio.m in Sources */ = {isa = PBXBuildFile; fileRef = 10D759481518E94B0011BF3E /* YBCoreAudio.m */; };
		10D759511518E94B0011BF3E /* SenTestingKit.framework in Frameworks */ = {isa = PBXBuildFile; fileRef = 10D759501518E94B0011BF3E /* SenTestingKit.framework */; };
		10D759531518E94B0011BF3E /* UIKit.framework in Frameworks */ = {isa = PBXBuildFile; fileRef = 10D759521518E94B0011BF3E /* UIKit.framework */; };
		10D759541518E94B0011BF3E /* Foundation.framework in Frameworks */ = {isa = PBXBuildFile; fileRef = 10D759421518E94B0011BF3E /* Foundation.framework */; };
		10D759571518E94B0011BF3E /* libYBCoreAudio.a in Frameworks */ = {isa = PBXBuildFile; fileRef = 10D7593F1518E94B0011BF3E /* libYBCoreAudio.a */; };
		10D7595D1518E94B0011BF3E /* InfoPlist.strings in Resources */ = {isa = PBXBuildFile; fileRef = 10D7595B1518E94B0011BF3E /* InfoPlist.strings */; };
		10D759601518E94B0011BF3E /* YBCoreAudioTests.m in Sources */ = {isa = PBXBuildFile; fileRef = 10D7595F1518E94B0011BF3E /* YBCoreAudioTests.m */; };
/* End PBXBuildFile section */

/* Begin PBXContainerItemProxy section */
		10D759551518E94B0011BF3E /* PBXContainerItemProxy */ = {
			isa = PBXContainerItemProxy;
			containerPortal = 10D759361518E94B0011BF3E /* Project object */;
			proxyType = 1;
			remoteGlobalIDString = 10D7593E1518E94B0011BF3E;
			remoteInfo = YBCoreAudio;
		};
/* End PBXContainerItemProxy section */

/* Begin PBXFileReference section */
		10D7593F1518E94B0011BF3E /* libYBCoreAudio.a */ = {isa = PBXFileReference; explicitFileType = archive.ar; includeInIndex = 0; path = libYBCoreAudio.a; sourceTree = BUILT_PRODUCTS_DIR; };
		10D759421518E94B0011BF3E /* Foundation.framework */ = {isa = PBXFileReference; lastKnownFileType = wrapper.framework; name = Foundation.framework; path = System/Library/Frameworks/Foundation.framework; sourceTree = SDKROOT; };
		10D759461518E94B0011BF3E /* YBCoreAudio-Prefix.pch */ = {isa = PBXFileReference; path = "YBCoreAudio-Prefix.pch"; sourceTree = "<group>"; };
		10D759471518E94B0011BF3E /* YBCoreAudio.h */ = {isa = PBXFileReference; path = YBCoreAudio.h; sourceTree = "<group>"; };
		10D759481518E94B0011BF3E /* YBCoreAudio.m */ = {isa = PBXFileReference; lastKnownFileType = sourcecode.c.objc; path = YBCoreAudio.m; sourceTree = "<group>"; };
		10D7594F1518E94B0011BF3E /* YBCoreAudioTests.octest */ = {isa = PBXFileReference; explicitFileType = wrapper.cfbundle; includeInIndex = 0; path = YBCoreAudioTests.octest; sourceTree = BUILT_PRODUCTS_DIR; };
		10D759501518E94B0011BF3E /* SenTestingKit.framework */ = {isa = PBXFileReference; lastKnownFileType = wrapper.framework; name = SenTestingKit.framework; path = Library/Frameworks/SenTestingKit.framework; sourceTree = DEVELOPER_DIR; };
		10D759521518E94B0011BF3E /* UIKit.framework */ = {isa = PBXFileReference; lastKnownFileType = wrapper.framework; name = UIKit.framework; path = Library/Frameworks/UIKit.framework; sourceTree = DEVELOPER_DIR; };
		10D7595A1518E94B0011BF3E /* YBCoreAudioTests-Info.plist */ = {isa = PBXFileReference; path = "YBCoreAudioTests-Info.plist"; sourceTree = "<group>"; };
		10D7595C1518E94B0011BF3E /* en */ = {isa = PBXFileReference; lastKnownFileType = text.plist.strings; name = en; path = en.lproj/InfoPlist.strings; sourceTree = "<group>"; };
		10D7595E1518E94B0011BF3E /* YBCoreAudioTests.h */ = {isa = PBXFileReference; path = YBCoreAudioTests.h; sourceTree = "<group>"; };
		10D7595F1518E94B0011BF3E /* YBCoreAudioTests.m */ = {isa = PBXFileReference; lastKnownFileType = sourcecode.c.objc; path = YBCoreAudioTests.m; sourceTree = "<group>"; };
/* End PBXFileReference section */

/* Begin PBXFrameworksBuildPhase section */
		10D7593C1518E94B0011BF3E /* Frameworks */ = {
			isa = PBXFrameworksBuildPhase;
			buildActionMask = 2147483647;
			files = (
				10D759431518E94B0011BF3E /* Foundation.framework in Frameworks */,
			);
			runOnlyForDeploymentPostprocessing = 0;
		};
		10D7594B1518E94B0011BF3E /* Frameworks */ = {
			isa = PBXFrameworksBuildPhase;
			buildActionMask = 2147483647;
			files = (
				10D759511518E94B0011BF3E /* SenTestingKit.framework in Frameworks */,
				10D759531518E94B0011BF3E /* UIKit.framework in Frameworks */,
				10D759541518E94B0011BF3E /* Foundation.framework in Frameworks */,
				10D759571518E94B0011BF3E /* libYBCoreAudio.a in Frameworks */,
			);
			runOnlyForDeploymentPostprocessing = 0;
		};
/* End PBXFrameworksBuildPhase section */

/* Begin PBXGroup section */
		10D759341518E94B0011BF3E = {
			isa = PBXGroup;
			children = (
				10D759441518E94B0011BF3E /* YBCoreAudio */,
				10D759581518E94B0011BF3E /* YBCoreAudioTests */,
				10D759411518E94B0011BF3E /* Frameworks */,
				10D759401518E94B0011BF3E /* Products */,
			);
			sourceTree = "<group>";
		};
		10D759401518E94B0011BF3E /* Products */ = {
			isa = PBXGroup;
			children = (
				10D7593F1518E94B0011BF3E /* libYBCoreAudio.a */,
				10D7594F1518E94B0011BF3E /* YBCoreAudioTests.octest */,
			);
			name = Products;
			sourceTree = "<group>";
		};
		10D759411518E94B0011BF3E /* Frameworks */ = {
			isa = PBXGroup;
			children = (
				10D759421518E94B0011BF3E /* Foundation.framework */,
				10D759501518E94B0011BF3E /* SenTestingKit.framework */,
				10D759521518E94B0011BF3E /* UIKit.framework */,
			);
			name = Frameworks;
			sourceTree = "<group>";
		};
		10D759441518E94B0011BF3E /* YBCoreAudio */ = {
			isa = PBXGroup;
			children = (
				10D759471518E94B0011BF3E /* YBCoreAudio.h */,
				10D759481518E94B0011BF3E /* YBCoreAudio.m */,
				10D759451518E94B0011BF3E /* Supporting Files */,
			);
			path = YBCoreAudio;
			sourceTree = "<group>";
		};
		10D759451518E94B0011BF3E /* Supporting Files */ = {
			isa = PBXGroup;
			children = (
				10D759461518E94B0011BF3E /* YBCoreAudio-Prefix.pch */,
			);
			name = "Supporting Files";
			sourceTree = "<group>";
		};
		10D759581518E94B0011BF3E /* YBCoreAudioTests */ = {
			isa = PBXGroup;
			children = (
				10D7595E1518E94B0011BF3E /* YBCoreAudioTests.h */,
				10D7595F1518E94B0011BF3E /* YBCoreAudioTests.m */,
				10D759591518E94B0011BF3E /* Supporting Files */,
			);
			path = YBCoreAudioTests;
			sourceTree = "<group>";
		};
		10D759591518E94B0011BF3E /* Supporting Files */ = {
			isa = PBXGroup;
			children = (
				10D7595A1518E94B0011BF3E /* YBCoreAudioTests-Info.plist */,
				10D7595B1518E94B0011BF3E /* InfoPlist.strings */,
			);
			name = "Supporting Files";
			sourceTree = "<group>";
		};
/* End PBXGroup section */

/* Begin PBXHeadersBuildPhase section */
		10D7593D1518E94B0011BF3E /* Headers */ = {
			isa = PBXHeadersBuildPhase;
			buildActionMask = 2147483647;
			files = (
			);
			runOnlyForDeploymentPostprocessing = 0;
		};
/* End PBXHeadersBuildPhase section */

/* Begin PBXNativeTarget section */
		10D7593E1518E94B0011BF3E /* YBCoreAudio */ = {
			isa = PBXNativeTarget;
			buildConfigurationList = 10D759631518E94B0011BF3E /* Build configuration list for PBXNativeTarget "YBCoreAudio" */;
			buildPhases = (
				10D7593B1518E94B0011BF3E /* Sources */,
				10D7593C1518E94B0011BF3E /* Frameworks */,
				10D7593D1518E94B0011BF3E /* Headers */,
			);
			buildRules = (
			);
			dependencies = (
			);
			name = YBCoreAudio;
			productName = YBCoreAudio;
			productReference = 10D7593F1518E94B0011BF3E /* libYBCoreAudio.a */;
			productType = "com.apple.product-type.library.static";
		};
		10D7594E1518E94B0011BF3E /* YBCoreAudioTests */ = {
			isa = PBXNativeTarget;
			buildConfigurationList = 10D759661518E94B0011BF3E /* Build configuration list for PBXNativeTarget "YBCoreAudioTests" */;
			buildPhases = (
				10D7594A1518E94B0011BF3E /* Sources */,
				10D7594B1518E94B0011BF3E /* Frameworks */,
				10D7594C1518E94B0011BF3E /* Resources */,
				10D7594D1518E94B0011BF3E /* ShellScript */,
			);
			buildRules = (
			);
			dependencies = (
				10D759561518E94B0011BF3E /* PBXTargetDependency */,
			);
			name = YBCoreAudioTests;
			productName = YBCoreAudioTests;
			productReference = 10D7594F1518E94B0011BF3E /* YBCoreAudioTests.octest */;
			productType = "com.apple.product-type.bundle";
		};
/* End PBXNativeTarget section */

/* Begin PBXProject section */
		10D759361518E94B0011BF3E /* Project object */ = {
			isa = PBXProject;
			attributes = {
				LastUpgradeCheck = 0440;
			};
			buildConfigurationList = 10D759391518E94B0011BF3E /* Build configuration list for PBXProject "YBCoreAudio" */;
			compatibilityVersion = "Xcode 3.2";
			developmentRegion = English;
			hasScannedForEncodings = 0;
			knownRegions = (
				en,
			);
			mainGroup = 10D759341518E94B0011BF3E;
			productRefGroup = 10D759401518E94B0011BF3E /* Products */;
			projectDirPath = "";
			projectRoot = "";
			targets = (
				10D7593E1518E94B0011BF3E /* YBCoreAudio */,
				10D7594E1518E94B0011BF3E /* YBCoreAudioTests */,
			);
		};
/* End PBXProject section */

/* Begin PBXResourcesBuildPhase section */
		10D7594C1518E94B0011BF3E /* Resources */ = {
			isa = PBXResourcesBuildPhase;
			buildActionMask = 2147483647;
			files = (
				10D7595D1518E94B0011BF3E /* InfoPlist.strings in Resources */,
			);
			runOnlyForDeploymentPostprocessing = 0;
		};
/* End PBXResourcesBuildPhase section */

/* Begin PBXShellScriptBuildPhase section */
		10D7594D1518E94B0011BF3E /* ShellScript */ = {
			isa = PBXShellScriptBuildPhase;
			buildActionMask = 2147483647;
			files = (
			);
			inputPaths = (
			);
			outputPaths = (
			);
			runOnlyForDeploymentPostprocessing = 0;
			shellPath = /bin/sh;
			shellScript = "# Run the unit tests in this test bundle.\n\"${SYSTEM_DEVELOPER_DIR}/Tools/RunUnitTests\"\n";
		};
/* End PBXShellScriptBuildPhase section */

/* Begin PBXSourcesBuildPhase section */
		10D7593B1518E94B0011BF3E /* Sources */ = {
			isa = PBXSourcesBuildPhase;
			buildActionMask = 2147483647;
			files = (
				10D759491518E94B0011BF3E /* YBCoreAudio.m in Sources */,
			);
			runOnlyForDeploymentPostprocessing = 0;
		};
		10D7594A1518E94B0011BF3E /* Sources */ = {
			isa = PBXSourcesBuildPhase;
			buildActionMask = 2147483647;
			files = (
				10D759601518E94B0011BF3E /* YBCoreAudioTests.m in Sources */,
			);
			runOnlyForDeploymentPostprocessing = 0;
		};
/* End PBXSourcesBuildPhase section */

/* Begin PBXTargetDependency section */
		10D759561518E94B0011BF3E /* PBXTargetDependency */ = {
			isa = PBXTargetDependency;
			target = 10D7593E1518E94B0011BF3E /* YBCoreAudio */;
			targetProxy = 10D759551518E94B0011BF3E /* PBXContainerItemProxy */;
		};
/* End PBXTargetDependency section */

/* Begin PBXVariantGroup section */
		10D7595B1518E94B0011BF3E /* InfoPlist.strings */ = {
			isa = PBXVariantGroup;
			children = (
				10D7595C1518E94B0011BF3E /* en */,
			);
			name = InfoPlist.strings;
			sourceTree = "<group>";
		};
/* End PBXVariantGroup section */

/* Begin XCBuildConfiguration section */
		10D759611518E94B0011BF3E /* Debug */ = {
			isa = XCBuildConfiguration;
			buildSettings = {
				ALWAYS_SEARCH_USER_PATHS = NO;
				ARCHS = "$(ARCHS_STANDARD_32_BIT)";
				CLANG_ENABLE_OBJC_ARC = YES;
				COPY_PHASE_STRIP = NO;
				GCC_C_LANGUAGE_STANDARD = gnu99;
				GCC_DYNAMIC_NO_PIC = NO;
				GCC_OPTIMIZATION_LEVEL = 0;
				GCC_PREPROCESSOR_DEFINITIONS = (
					"DEBUG=1",
					"$(inherited)",
				);
				GCC_SYMBOLS_PRIVATE_EXTERN = NO;
				GCC_VERSION = com.apple.compilers.llvm.clang.1_0;
				GCC_WARN_ABOUT_RETURN_TYPE = YES;
				GCC_WARN_UNINITIALIZED_AUTOS = YES;
				GCC_WARN_UNUSED_VARIABLE = YES;
				IPHONEOS_DEPLOYMENT_TARGET = 5.0;
				SDKROOT = iphoneos;
			};
			name = Debug;
		};
		10D759621518E94B0011BF3E /* Release */ = {
			isa = XCBuildConfiguration;
			buildSettings = {
				ALWAYS_SEARCH_USER_PATHS = NO;
				ARCHS = "$(ARCHS_STANDARD_32_BIT)";
				CLANG_ENABLE_OBJC_ARC = YES;
				COPY_PHASE_STRIP = YES;
				GCC_C_LANGUAGE_STANDARD = gnu99;
				GCC_VERSION = com.apple.compilers.llvm.clang.1_0;
				GCC_WARN_ABOUT_RETURN_TYPE = YES;
				GCC_WARN_UNINITIALIZED_AUTOS = YES;
				GCC_WARN_UNUSED_VARIABLE = YES;
				IPHONEOS_DEPLOYMENT_TARGET = 5.0;
				SDKROOT = iphoneos;
				VALIDATE_PRODUCT = YES;
			};
			name = Release;
		};
		10D759641518E94B0011BF3E /* Debug */ = {
			isa = XCBuildConfiguration;
			buildSettings = {
				DSTROOT = /tmp/YBCoreAudio.dst;
				GCC_PRECOMPILE_PREFIX_HEADER = YES;
				GCC_PREFIX_HEADER = "YBCoreAudio/YBCoreAudio-Prefix.pch";
				OTHER_LDFLAGS = "-ObjC";
				PRODUCT_NAME = "$(TARGET_NAME)";
				SKIP_INSTALL = YES;
			};
			name = Debug;
		};
		10D759651518E94B0011BF3E /* Release */ = {
			isa = XCBuildConfiguration;
			buildSettings = {
				DSTROOT = /tmp/YBCoreAudio.dst;
				GCC_PRECOMPILE_PREFIX_HEADER = YES;
				GCC_PREFIX_HEADER = "YBCoreAudio/YBCoreAudio-Prefix.pch";
				OTHER_LDFLAGS = "-ObjC";
				PRODUCT_NAME = "$(TARGET_NAME)";
				SKIP_INSTALL = YES;
			};
			name = Release;
		};
		10D759671518E94B0011BF3E /* Debug */ = {
			isa = XCBuildConfiguration;
			buildSettings = {
				FRAMEWORK_SEARCH_PATHS = (
					"$(SDKROOT)/Developer/Library/Frameworks",
					"$(DEVELOPER_LIBRARY_DIR)/Frameworks",
				);
				GCC_PRECOMPILE_PREFIX_HEADER = YES;
				GCC_PREFIX_HEADER = "YBCoreAudio/YBCoreAudio-Prefix.pch";
				INFOPLIST_FILE = "YBCoreAudioTests/YBCoreAudioTests-Info.plist";
				PRODUCT_NAME = "$(TARGET_NAME)";
				WRAPPER_EXTENSION = octest;
			};
			name = Debug;
		};
		10D759681518E94B0011BF3E /* Release */ = {
			isa = XCBuildConfiguration;
			buildSettings = {
				FRAMEWORK_SEARCH_PATHS = (
					"$(SDKROOT)/Developer/Library/Frameworks",
					"$(DEVELOPER_LIBRARY_DIR)/Frameworks",
				);
				GCC_PRECOMPILE_PREFIX_HEADER = YES;
				GCC_PREFIX_HEADER = "YBCoreAudio/YBCoreAudio-Prefix.pch";
				INFOPLIST_FILE = "YBCoreAudioTests/YBCoreAudioTests-Info.plist";
				PRODUCT_NAME = "$(TARGET_NAME)";
				WRAPPER_EXTENSION = octest;
			};
			name = Release;
		};
/* End XCBuildConfiguration section */

/* Begin XCConfigurationList section */
		10D759391518E94B0011BF3E /* Build configuration list for PBXProject "YBCoreAudio" */ = {
			isa = XCConfigurationList;
			buildConfigurations = (
				10D759611518E94B0011BF3E /* Debug */,
				10D759621518E94B0011BF3E /* Release */,
			);
			defaultConfigurationIsVisible = 0;
			defaultConfigurationName = Release;
		};
		10D759631518E94B0011BF3E /* Build configuration list for PBXNativeTarget "YBCoreAudio" */ = {
			isa = XCConfigurationList;
			buildConfigurations = (
				10D759641518E94B0011BF3E /* Debug */,
				10D759651518E94B0011BF3E /* Release */,
			);
			defaultConfigurationIsVisible = 0;
		};
		10D759661518E94B0011BF3E /* Build configuration list for PBXNativeTarget "YBCoreAudioTests" */ = {
			isa = XCConfigurationList;
			buildConfigurations = (
				10D759671518E94B0011BF3E /* Debug */,
				10D759681518E94B0011BF3E /* Release */,
			);
			defaultConfigurationIsVisible = 0;
		};
/* End XCConfigurationList section */
	};
	rootObject = 10D759361518E94B0011BF3E /* Project object */;
}
